// !$*UTF8*$!
{
	archiveVersion = 1;
	classes = {
	};
	objectVersion = 46;
	objects = {

/* Begin PBXBuildFile section */
		C946A1B21A5C372700A27ED8 /* WCDistractionFreeWindowController.m in Sources */ = {isa = PBXBuildFile; fileRef = C946A1B11A5C372700A27ED8 /* WCDistractionFreeWindowController.m */; };
		C98D45081A61517F0078C952 /* Cocoa.framework in Frameworks */ = {isa = PBXBuildFile; fileRef = C98D45071A61517F0078C952 /* Cocoa.framework */; };
		C9BF13F61A5E8B34003A9B11 /* WCDistractionFreeEditorController.m in Sources */ = {isa = PBXBuildFile; fileRef = C9BF13F51A5E8B34003A9B11 /* WCDistractionFreeEditorController.m */; };
		C9CF18891ACED5090000ABE1 /* WCContainerView.m in Sources */ = {isa = PBXBuildFile; fileRef = C9CF18881ACED5090000ABE1 /* WCContainerView.m */; };
		C9D1C2011AABC173007652CE /* WCEditorConfiguration.m in Sources */ = {isa = PBXBuildFile; fileRef = C9D1C2001AABC173007652CE /* WCEditorConfiguration.m */; };
		C9D1FA861AAD96AE00DA4FF1 /* WCWorkspaceProxy.m in Sources */ = {isa = PBXBuildFile; fileRef = C9D1FA851AAD96AE00DA4FF1 /* WCWorkspaceProxy.m */; };
		C9E0C61D1A4C76AA002ABB7B /* WCDistractionFreeXcodePlugin.xcscheme in Resources */ = {isa = PBXBuildFile; fileRef = C9E0C61C1A4C76AA002ABB7B /* WCDistractionFreeXcodePlugin.xcscheme */; };
		C9E0C6201A4C76AA002ABB7B /* WCDistractionFreeXcodePlugin.m in Sources */ = {isa = PBXBuildFile; fileRef = C9E0C61F1A4C76AA002ABB7B /* WCDistractionFreeXcodePlugin.m */; };
/* End PBXBuildFile section */

/* Begin PBXFileReference section */
		C946A1B01A5C372700A27ED8 /* WCDistractionFreeWindowController.h */ = {isa = PBXFileReference; fileEncoding = 4; lastKnownFileType = sourcecode.c.h; path = WCDistractionFreeWindowController.h; sourceTree = "<group>"; };
		C946A1B11A5C372700A27ED8 /* WCDistractionFreeWindowController.m */ = {isa = PBXFileReference; fileEncoding = 4; lastKnownFileType = sourcecode.c.objc; path = WCDistractionFreeWindowController.m; sourceTree = "<group>"; };
		C98D45061A6144DA0078C952 /* WCXcodeHeaders.h */ = {isa = PBXFileReference; lastKnownFileType = sourcecode.c.h; path = WCXcodeHeaders.h; sourceTree = "<group>"; };
		C98D45071A61517F0078C952 /* Cocoa.framework */ = {isa = PBXFileReference; lastKnownFileType = wrapper.framework; name = Cocoa.framework; path = System/Library/Frameworks/Cocoa.framework; sourceTree = SDKROOT; };
		C9A8C9CA1AABBD9B00622A66 /* WCXcodeModels.h */ = {isa = PBXFileReference; lastKnownFileType = sourcecode.c.h; path = WCXcodeModels.h; sourceTree = "<group>"; };
		C9A8C9CB1AABBDEB00622A66 /* WCXcodeViews.h */ = {isa = PBXFileReference; lastKnownFileType = sourcecode.c.h; path = WCXcodeViews.h; sourceTree = "<group>"; };
		C9BF13F41A5E8B34003A9B11 /* WCDistractionFreeEditorController.h */ = {isa = PBXFileReference; fileEncoding = 4; lastKnownFileType = sourcecode.c.h; path = WCDistractionFreeEditorController.h; sourceTree = "<group>"; };
		C9BF13F51A5E8B34003A9B11 /* WCDistractionFreeEditorController.m */ = {isa = PBXFileReference; fileEncoding = 4; lastKnownFileType = sourcecode.c.objc; path = WCDistractionFreeEditorController.m; sourceTree = "<group>"; };
		C9CF18871ACED5090000ABE1 /* WCContainerView.h */ = {isa = PBXFileReference; fileEncoding = 4; lastKnownFileType = sourcecode.c.h; path = WCContainerView.h; sourceTree = "<group>"; };
		C9CF18881ACED5090000ABE1 /* WCContainerView.m */ = {isa = PBXFileReference; fileEncoding = 4; lastKnownFileType = sourcecode.c.objc; path = WCContainerView.m; sourceTree = "<group>"; };
		C9D1C1FF1AABC173007652CE /* WCEditorConfiguration.h */ = {isa = PBXFileReference; fileEncoding = 4; lastKnownFileType = sourcecode.c.h; path = WCEditorConfiguration.h; sourceTree = "<group>"; };
		C9D1C2001AABC173007652CE /* WCEditorConfiguration.m */ = {isa = PBXFileReference; fileEncoding = 4; lastKnownFileType = sourcecode.c.objc; path = WCEditorConfiguration.m; sourceTree = "<group>"; };
		C9D1FA841AAD96AE00DA4FF1 /* WCWorkspaceProxy.h */ = {isa = PBXFileReference; fileEncoding = 4; lastKnownFileType = sourcecode.c.h; path = WCWorkspaceProxy.h; sourceTree = "<group>"; };
		C9D1FA851AAD96AE00DA4FF1 /* WCWorkspaceProxy.m */ = {isa = PBXFileReference; fileEncoding = 4; lastKnownFileType = sourcecode.c.objc; path = WCWorkspaceProxy.m; sourceTree = "<group>"; };
		C9E0C6121A4C76AA002ABB7B /* WCDistractionFreeXcodePlugin.xcplugin */ = {isa = PBXFileReference; explicitFileType = wrapper.cfbundle; includeInIndex = 0; path = WCDistractionFreeXcodePlugin.xcplugin; sourceTree = BUILT_PRODUCTS_DIR; };
		C9E0C6151A4C76AA002ABB7B /* AppKit.framework */ = {isa = PBXFileReference; lastKnownFileType = wrapper.framework; name = AppKit.framework; path = /System/Library/Frameworks/AppKit.framework; sourceTree = "<absolute>"; };
		C9E0C6171A4C76AA002ABB7B /* Foundation.framework */ = {isa = PBXFileReference; lastKnownFileType = wrapper.framework; name = Foundation.framework; path = /System/Library/Frameworks/Foundation.framework; sourceTree = "<absolute>"; };
		C9E0C61C1A4C76AA002ABB7B /* WCDistractionFreeXcodePlugin.xcscheme */ = {isa = PBXFileReference; lastKnownFileType = text.xml; name = WCDistractionFreeXcodePlugin.xcscheme; path = WCDistractionFreeXcodePlugin.xcodeproj/xcshareddata/xcschemes/WCDistractionFreeXcodePlugin.xcscheme; sourceTree = SOURCE_ROOT; };
		C9E0C61E1A4C76AA002ABB7B /* WCDistractionFreeXcodePlugin.h */ = {isa = PBXFileReference; lastKnownFileType = sourcecode.c.h; path = WCDistractionFreeXcodePlugin.h; sourceTree = "<group>"; };
		C9E0C61F1A4C76AA002ABB7B /* WCDistractionFreeXcodePlugin.m */ = {isa = PBXFileReference; lastKnownFileType = sourcecode.c.objc; path = WCDistractionFreeXcodePlugin.m; sourceTree = "<group>"; };
		C9F5ED4D1AABBE3F002E127C /* IDEEditorContext.h */ = {isa = PBXFileReference; lastKnownFileType = sourcecode.c.h; path = IDEEditorContext.h; sourceTree = "<group>"; };
		C9F5ED4E1AABBE6E002E127C /* WCXcodeViewControllers.h */ = {isa = PBXFileReference; lastKnownFileType = sourcecode.c.h; path = WCXcodeViewControllers.h; sourceTree = "<group>"; };
/* End PBXFileReference section */

/* Begin PBXFrameworksBuildPhase section */
		C9E0C6101A4C76AA002ABB7B /* Frameworks */ = {
			isa = PBXFrameworksBuildPhase;
			buildActionMask = 2147483647;
			files = (
				C98D45081A61517F0078C952 /* Cocoa.framework in Frameworks */,
			);
			runOnlyForDeploymentPostprocessing = 0;
		};
/* End PBXFrameworksBuildPhase section */

/* Begin PBXGroup section */
		C9E0C6091A4C76AA002ABB7B = {
			isa = PBXGroup;
			children = (
				C9E0C6191A4C76AA002ABB7B /* WCDistractionFreeXcodePlugin */,
				C9E0C6141A4C76AA002ABB7B /* Frameworks */,
				C9E0C6131A4C76AA002ABB7B /* Products */,
			);
			sourceTree = "<group>";
		};
		C9E0C6131A4C76AA002ABB7B /* Products */ = {
			isa = PBXGroup;
			children = (
				C9E0C6121A4C76AA002ABB7B /* WCDistractionFreeXcodePlugin.xcplugin */,
			);
			name = Products;
			sourceTree = "<group>";
		};
		C9E0C6141A4C76AA002ABB7B /* Frameworks */ = {
			isa = PBXGroup;
			children = (
				C98D45071A61517F0078C952 /* Cocoa.framework */,
				C9E0C6151A4C76AA002ABB7B /* AppKit.framework */,
				C9E0C6171A4C76AA002ABB7B /* Foundation.framework */,
			);
			name = Frameworks;
			sourceTree = "<group>";
		};
		C9E0C6191A4C76AA002ABB7B /* WCDistractionFreeXcodePlugin */ = {
			isa = PBXGroup;
			children = (
				C9E0C61E1A4C76AA002ABB7B /* WCDistractionFreeXcodePlugin.h */,
				C9E0C61F1A4C76AA002ABB7B /* WCDistractionFreeXcodePlugin.m */,
				C946A1B01A5C372700A27ED8 /* WCDistractionFreeWindowController.h */,
				C946A1B11A5C372700A27ED8 /* WCDistractionFreeWindowController.m */,
				C9BF13F41A5E8B34003A9B11 /* WCDistractionFreeEditorController.h */,
				C9BF13F51A5E8B34003A9B11 /* WCDistractionFreeEditorController.m */,
				C9CF18871ACED5090000ABE1 /* WCContainerView.h */,
				C9CF18881ACED5090000ABE1 /* WCContainerView.m */,
				C9D1FA841AAD96AE00DA4FF1 /* WCWorkspaceProxy.h */,
				C9D1FA851AAD96AE00DA4FF1 /* WCWorkspaceProxy.m */,
				C9D1C1FF1AABC173007652CE /* WCEditorConfiguration.h */,
				C9D1C2001AABC173007652CE /* WCEditorConfiguration.m */,
				C98D45061A6144DA0078C952 /* WCXcodeHeaders.h */,
				C9F5ED4D1AABBE3F002E127C /* IDEEditorContext.h */,
				C9A8C9CA1AABBD9B00622A66 /* WCXcodeModels.h */,
				C9A8C9CB1AABBDEB00622A66 /* WCXcodeViews.h */,
				C9F5ED4E1AABBE6E002E127C /* WCXcodeViewControllers.h */,
				C9E0C61A1A4C76AA002ABB7B /* Supporting Files */,
			);
			path = WCDistractionFreeXcodePlugin;
			sourceTree = "<group>";
		};
		C9E0C61A1A4C76AA002ABB7B /* Supporting Files */ = {
			isa = PBXGroup;
			children = (
				C9E0C61C1A4C76AA002ABB7B /* WCDistractionFreeXcodePlugin.xcscheme */,
			);
			name = "Supporting Files";
			sourceTree = "<group>";
		};
/* End PBXGroup section */

/* Begin PBXNativeTarget section */
		C9E0C6111A4C76AA002ABB7B /* WCDistractionFreeXcodePlugin */ = {
			isa = PBXNativeTarget;
			buildConfigurationList = C9E0C6231A4C76AA002ABB7B /* Build configuration list for PBXNativeTarget "WCDistractionFreeXcodePlugin" */;
			buildPhases = (
				C9E0C60E1A4C76AA002ABB7B /* Sources */,
				C9E0C60F1A4C76AA002ABB7B /* Resources */,
				C9E0C6101A4C76AA002ABB7B /* Frameworks */,
				C9E0C6261A4C81C6002ABB7B /* ShellScript */,
			);
			buildRules = (
			);
			dependencies = (
			);
			name = WCDistractionFreeXcodePlugin;
			productName = WCDistractionFreeXcodePlugin;
			productReference = C9E0C6121A4C76AA002ABB7B /* WCDistractionFreeXcodePlugin.xcplugin */;
			productType = "com.apple.product-type.bundle";
		};
/* End PBXNativeTarget section */

/* Begin PBXProject section */
		C9E0C60A1A4C76AA002ABB7B /* Project object */ = {
			isa = PBXProject;
			attributes = {
				LastUpgradeCheck = 0610;
				ORGANIZATIONNAME = "Wojciech Czekalski";
				TargetAttributes = {
					C9E0C6111A4C76AA002ABB7B = {
						CreatedOnToolsVersion = 6.1.1;
					};
				};
			};
			buildConfigurationList = C9E0C60D1A4C76AA002ABB7B /* Build configuration list for PBXProject "WCDistractionFreeXcodePlugin" */;
			compatibilityVersion = "Xcode 3.2";
			developmentRegion = English;
			hasScannedForEncodings = 0;
			knownRegions = (
				en,
			);
			mainGroup = C9E0C6091A4C76AA002ABB7B;
			productRefGroup = C9E0C6131A4C76AA002ABB7B /* Products */;
			projectDirPath = "";
			projectRoot = "";
			targets = (
				C9E0C6111A4C76AA002ABB7B /* WCDistractionFreeXcodePlugin */,
			);
		};
/* End PBXProject section */

/* Begin PBXResourcesBuildPhase section */
		C9E0C60F1A4C76AA002ABB7B /* Resources */ = {
			isa = PBXResourcesBuildPhase;
			buildActionMask = 2147483647;
			files = (
				C9E0C61D1A4C76AA002ABB7B /* WCDistractionFreeXcodePlugin.xcscheme in Resources */,
			);
			runOnlyForDeploymentPostprocessing = 0;
		};
/* End PBXResourcesBuildPhase section */

/* Begin PBXShellScriptBuildPhase section */
		C9E0C6261A4C81C6002ABB7B /* ShellScript */ = {
			isa = PBXShellScriptBuildPhase;
			buildActionMask = 2147483647;
			files = (
			);
			inputPaths = (
			);
			outputPaths = (
			);
			runOnlyForDeploymentPostprocessing = 0;
			shellPath = /bin/sh;
			shellScript = "";
		};
/* End PBXShellScriptBuildPhase section */

/* Begin PBXSourcesBuildPhase section */
		C9E0C60E1A4C76AA002ABB7B /* Sources */ = {
			isa = PBXSourcesBuildPhase;
			buildActionMask = 2147483647;
			files = (
				C9CF18891ACED5090000ABE1 /* WCContainerView.m in Sources */,
				C9D1FA861AAD96AE00DA4FF1 /* WCWorkspaceProxy.m in Sources */,
				C9BF13F61A5E8B34003A9B11 /* WCDistractionFreeEditorController.m in Sources */,
				C946A1B21A5C372700A27ED8 /* WCDistractionFreeWindowController.m in Sources */,
				C9E0C6201A4C76AA002ABB7B /* WCDistractionFreeXcodePlugin.m in Sources */,
				C9D1C2011AABC173007652CE /* WCEditorConfiguration.m in Sources */,
			);
			runOnlyForDeploymentPostprocessing = 0;
		};
/* End PBXSourcesBuildPhase section */

/* Begin XCBuildConfiguration section */
		C9E0C6211A4C76AA002ABB7B /* Debug */ = {
			isa = XCBuildConfiguration;
			buildSettings = {
				ALWAYS_SEARCH_USER_PATHS = NO;
				CLANG_CXX_LANGUAGE_STANDARD = "gnu++0x";
				CLANG_CXX_LIBRARY = "libc++";
				CLANG_ENABLE_MODULES = YES;
				CLANG_ENABLE_OBJC_ARC = YES;
				CLANG_WARN_BOOL_CONVERSION = YES;
				CLANG_WARN_CONSTANT_CONVERSION = YES;
				CLANG_WARN_DIRECT_OBJC_ISA_USAGE = YES_ERROR;
				CLANG_WARN_EMPTY_BODY = YES;
				CLANG_WARN_ENUM_CONVERSION = YES;
				CLANG_WARN_INT_CONVERSION = YES;
				CLANG_WARN_OBJC_ROOT_CLASS = YES_ERROR;
				CLANG_WARN_UNREACHABLE_CODE = YES;
				CLANG_WARN__DUPLICATE_METHOD_MATCH = YES;
				COPY_PHASE_STRIP = NO;
				ENABLE_STRICT_OBJC_MSGSEND = YES;
				GCC_C_LANGUAGE_STANDARD = gnu99;
				GCC_DYNAMIC_NO_PIC = NO;
				GCC_OPTIMIZATION_LEVEL = 0;
				GCC_PREPROCESSOR_DEFINITIONS = (
					"DEBUG=1",
					"$(inherited)",
				);
				GCC_SYMBOLS_PRIVATE_EXTERN = NO;
				GCC_WARN_64_TO_32_BIT_CONVERSION = YES;
				GCC_WARN_ABOUT_RETURN_TYPE = YES_ERROR;
				GCC_WARN_UNDECLARED_SELECTOR = YES;
				GCC_WARN_UNINITIALIZED_AUTOS = YES_AGGRESSIVE;
				GCC_WARN_UNUSED_FUNCTION = YES;
				GCC_WARN_UNUSED_VARIABLE = YES;
				MTL_ENABLE_DEBUG_INFO = YES;
				ONLY_ACTIVE_ARCH = YES;
			};
			name = Debug;
		};
		C9E0C6221A4C76AA002ABB7B /* Release */ = {
			isa = XCBuildConfiguration;
			buildSettings = {
				ALWAYS_SEARCH_USER_PATHS = NO;
				CLANG_CXX_LANGUAGE_STANDARD = "gnu++0x";
				CLANG_CXX_LIBRARY = "libc++";
				CLANG_ENABLE_MODULES = YES;
				CLANG_ENABLE_OBJC_ARC = YES;
				CLANG_WARN_BOOL_CONVERSION = YES;
				CLANG_WARN_CONSTANT_CONVERSION = YES;
				CLANG_WARN_DIRECT_OBJC_ISA_USAGE = YES_ERROR;
				CLANG_WARN_EMPTY_BODY = YES;
				CLANG_WARN_ENUM_CONVERSION = YES;
				CLANG_WARN_INT_CONVERSION = YES;
				CLANG_WARN_OBJC_ROOT_CLASS = YES_ERROR;
				CLANG_WARN_UNREACHABLE_CODE = YES;
				CLANG_WARN__DUPLICATE_METHOD_MATCH = YES;
				COPY_PHASE_STRIP = YES;
				ENABLE_NS_ASSERTIONS = NO;
				ENABLE_STRICT_OBJC_MSGSEND = YES;
				GCC_C_LANGUAGE_STANDARD = gnu99;
				GCC_WARN_64_TO_32_BIT_CONVERSION = YES;
				GCC_WARN_ABOUT_RETURN_TYPE = YES_ERROR;
				GCC_WARN_UNDECLARED_SELECTOR = YES;
				GCC_WARN_UNINITIALIZED_AUTOS = YES_AGGRESSIVE;
				GCC_WARN_UNUSED_FUNCTION = YES;
				GCC_WARN_UNUSED_VARIABLE = YES;
				MTL_ENABLE_DEBUG_INFO = NO;
			};
			name = Release;
		};
		C9E0C6241A4C76AA002ABB7B /* Debug */ = {
			isa = XCBuildConfiguration;
			buildSettings = {
				COMBINE_HIDPI_IMAGES = YES;
				DEPLOYMENT_LOCATION = YES;
				DSTROOT = "$(HOME)";
				INFOPLIST_FILE = WCDistractionFreeXcodePlugin/Info.plist;
				INSTALL_PATH = "/Library/Application Support/Developer/Shared/Xcode/Plug-ins";
				MACOSX_DEPLOYMENT_TARGET = 10.10;
				PRODUCT_NAME = "$(TARGET_NAME)";
				USER_HEADER_SEARCH_PATHS = "";
				WRAPPER_EXTENSION = xcplugin;
			};
			name = Debug;
		};
		C9E0C6251A4C76AA002ABB7B /* Release */ = {
			isa = XCBuildConfiguration;
			buildSettings = {
				COMBINE_HIDPI_IMAGES = YES;
				DEPLOYMENT_LOCATION = YES;
				DSTROOT = "$(HOME)";
				INFOPLIST_FILE = WCDistractionFreeXcodePlugin/Info.plist;
				INSTALL_PATH = "/Library/Application Support/Developer/Shared/Xcode/Plug-ins";
				MACOSX_DEPLOYMENT_TARGET = 10.10;
				PRODUCT_NAME = "$(TARGET_NAME)";
				USER_HEADER_SEARCH_PATHS = "";
				WRAPPER_EXTENSION = xcplugin;
			};
			name = Release;
		};
/* End XCBuildConfiguration section */

/* Begin XCConfigurationList section */
		C9E0C60D1A4C76AA002ABB7B /* Build configuration list for PBXProject "WCDistractionFreeXcodePlugin" */ = {
			isa = XCConfigurationList;
			buildConfigurations = (
				C9E0C6211A4C76AA002ABB7B /* Debug */,
				C9E0C6221A4C76AA002ABB7B /* Release */,
			);
			defaultConfigurationIsVisible = 0;
			defaultConfigurationName = Release;
		};
		C9E0C6231A4C76AA002ABB7B /* Build configuration list for PBXNativeTarget "WCDistractionFreeXcodePlugin" */ = {
			isa = XCConfigurationList;
			buildConfigurations = (
				C9E0C6241A4C76AA002ABB7B /* Debug */,
				C9E0C6251A4C76AA002ABB7B /* Release */,
			);
			defaultConfigurationIsVisible = 0;
			defaultConfigurationName = Release;
		};
/* End XCConfigurationList section */
	};
	rootObject = C9E0C60A1A4C76AA002ABB7B /* Project object */;
}
