// !$*UTF8*$!
{
	archiveVersion = 1;
	classes = {
	};
	objectVersion = 46;
	objects = {

/* Begin PBXBuildFile section */
		C91F5DE21B3E150300DF74E5 /* ZENIDEEditorContextDependencyManager.m in Sources */ = {isa = PBXBuildFile; fileRef = C91F5DE11B3E150300DF74E5 /* ZENIDEEditorContextDependencyManager.m */; };
		C928E9C61B33CC19003CD7D8 /* ZENWindowController.m in Sources */ = {isa = PBXBuildFile; fileRef = C928E9C51B33CC19003CD7D8 /* ZENWindowController.m */; };
		C928E9C91B34A2EE003CD7D8 /* ZENMinimalLayout.m in Sources */ = {isa = PBXBuildFile; fileRef = C928E9C81B34A2EE003CD7D8 /* ZENMinimalLayout.m */; };
		C928E9CC1B34A612003CD7D8 /* ZENIDEEditorContextConfiguration.m in Sources */ = {isa = PBXBuildFile; fileRef = C928E9CB1B34A612003CD7D8 /* ZENIDEEditorContextConfiguration.m */; };
		C92A2C8C1B2F970900861B1E /* AppKit.framework in Frameworks */ = {isa = PBXBuildFile; fileRef = C92A2C8B1B2F970900861B1E /* AppKit.framework */; };
		C92A2C8E1B2F970900861B1E /* Foundation.framework in Frameworks */ = {isa = PBXBuildFile; fileRef = C92A2C8D1B2F970900861B1E /* Foundation.framework */; };
		C92A2C931B2F970900861B1E /* Zen.xcscheme in Resources */ = {isa = PBXBuildFile; fileRef = C92A2C921B2F970900861B1E /* Zen.xcscheme */; };
		C92A2C961B2F970900861B1E /* Zen.m in Sources */ = {isa = PBXBuildFile; fileRef = C92A2C951B2F970900861B1E /* Zen.m */; };
		C92A2CBB1B2FAE3D00861B1E /* ZENViewController.m in Sources */ = {isa = PBXBuildFile; fileRef = C92A2CB91B2FAE3D00861B1E /* ZENViewController.m */; };
		C92A2CBF1B2FAFC600861B1E /* ZENContainerView.m in Sources */ = {isa = PBXBuildFile; fileRef = C92A2CBE1B2FAFC600861B1E /* ZENContainerView.m */; };
		C95728431B65288500183828 /* DVTKit.framework in Frameworks */ = {isa = PBXBuildFile; fileRef = C95728421B65288500183828 /* DVTKit.framework */; };
		C97520BA1B38DB510005179E /* ZENEditorWrapperViewController.m in Sources */ = {isa = PBXBuildFile; fileRef = C97520B91B38DB510005179E /* ZENEditorWrapperViewController.m */; };
		C97520BD1B38DB640005179E /* ZENEditorWrapperView.m in Sources */ = {isa = PBXBuildFile; fileRef = C97520BC1B38DB640005179E /* ZENEditorWrapperView.m */; };
		C97520C31B3A2C470005179E /* IDEKit.framework in Frameworks */ = {isa = PBXBuildFile; fileRef = C97520C21B3A2C470005179E /* IDEKit.framework */; };
		C98D37BE1B9A086200DA2EBC /* DVTFoundation.framework in Frameworks */ = {isa = PBXBuildFile; fileRef = C98D37BD1B9A086200DA2EBC /* DVTFoundation.framework */; };
		C999C8CB1B9C8676004765EE /* IDEEditor+ZENTextView.m in Sources */ = {isa = PBXBuildFile; fileRef = C999C8CA1B9C8676004765EE /* IDEEditor+ZENTextView.m */; };
		C9A72DDA1B676A0500801B50 /* ZENBarsController.m in Sources */ = {isa = PBXBuildFile; fileRef = C9A72DD91B676A0500801B50 /* ZENBarsController.m */; };
		C9A72DDD1B676EF900801B50 /* ZENEventScheduler.m in Sources */ = {isa = PBXBuildFile; fileRef = C9A72DDC1B676EF900801B50 /* ZENEventScheduler.m */; };
		C9A72DE31B67943500801B50 /* ZENMouseInteractionView.m in Sources */ = {isa = PBXBuildFile; fileRef = C9A72DE21B67943500801B50 /* ZENMouseInteractionView.m */; };
		C9A72DF91B70D75500801B50 /* ZENAndPeace.m in Sources */ = {isa = PBXBuildFile; fileRef = C9A72DF81B70D75500801B50 /* ZENAndPeace.m */; };
		C9E10B9D1B3F4E37004A061B /* ZENWindow.m in Sources */ = {isa = PBXBuildFile; fileRef = C9E10B9C1B3F4E37004A061B /* ZENWindow.m */; };
/* End PBXBuildFile section */

/* Begin PBXFileReference section */
		C91F5DE01B3E150300DF74E5 /* ZENIDEEditorContextDependencyManager.h */ = {isa = PBXFileReference; fileEncoding = 4; lastKnownFileType = sourcecode.c.h; path = ZENIDEEditorContextDependencyManager.h; sourceTree = "<group>"; };
		C91F5DE11B3E150300DF74E5 /* ZENIDEEditorContextDependencyManager.m */ = {isa = PBXFileReference; fileEncoding = 4; lastKnownFileType = sourcecode.c.objc; path = ZENIDEEditorContextDependencyManager.m; sourceTree = "<group>"; };
		C928E9C41B33CC19003CD7D8 /* ZENWindowController.h */ = {isa = PBXFileReference; fileEncoding = 4; lastKnownFileType = sourcecode.c.h; path = ZENWindowController.h; sourceTree = "<group>"; };
		C928E9C51B33CC19003CD7D8 /* ZENWindowController.m */ = {isa = PBXFileReference; fileEncoding = 4; lastKnownFileType = sourcecode.c.objc; path = ZENWindowController.m; sourceTree = "<group>"; };
		C928E9C71B34A2EE003CD7D8 /* ZENMinimalLayout.h */ = {isa = PBXFileReference; fileEncoding = 4; lastKnownFileType = sourcecode.c.h; path = ZENMinimalLayout.h; sourceTree = "<group>"; };
		C928E9C81B34A2EE003CD7D8 /* ZENMinimalLayout.m */ = {isa = PBXFileReference; fileEncoding = 4; lastKnownFileType = sourcecode.c.objc; path = ZENMinimalLayout.m; sourceTree = "<group>"; };
		C928E9CA1B34A612003CD7D8 /* ZENIDEEditorContextConfiguration.h */ = {isa = PBXFileReference; fileEncoding = 4; lastKnownFileType = sourcecode.c.h; path = ZENIDEEditorContextConfiguration.h; sourceTree = "<group>"; };
		C928E9CB1B34A612003CD7D8 /* ZENIDEEditorContextConfiguration.m */ = {isa = PBXFileReference; fileEncoding = 4; lastKnownFileType = sourcecode.c.objc; path = ZENIDEEditorContextConfiguration.m; sourceTree = "<group>"; };
		C92A2C881B2F970900861B1E /* Zen.xcplugin */ = {isa = PBXFileReference; explicitFileType = wrapper.cfbundle; includeInIndex = 0; path = Zen.xcplugin; sourceTree = BUILT_PRODUCTS_DIR; };
		C92A2C8B1B2F970900861B1E /* AppKit.framework */ = {isa = PBXFileReference; lastKnownFileType = wrapper.framework; name = AppKit.framework; path = /System/Library/Frameworks/AppKit.framework; sourceTree = "<absolute>"; };
		C92A2C8D1B2F970900861B1E /* Foundation.framework */ = {isa = PBXFileReference; lastKnownFileType = wrapper.framework; name = Foundation.framework; path = /System/Library/Frameworks/Foundation.framework; sourceTree = "<absolute>"; };
		C92A2C911B2F970900861B1E /* Info.plist */ = {isa = PBXFileReference; lastKnownFileType = text.plist.xml; path = Info.plist; sourceTree = "<group>"; };
		C92A2C921B2F970900861B1E /* Zen.xcscheme */ = {isa = PBXFileReference; lastKnownFileType = text.xml; name = Zen.xcscheme; path = Zen.xcodeproj/xcshareddata/xcschemes/Zen.xcscheme; sourceTree = SOURCE_ROOT; };
		C92A2C941B2F970900861B1E /* Zen.h */ = {isa = PBXFileReference; lastKnownFileType = sourcecode.c.h; path = Zen.h; sourceTree = "<group>"; };
		C92A2C951B2F970900861B1E /* Zen.m */ = {isa = PBXFileReference; lastKnownFileType = sourcecode.c.objc; path = Zen.m; sourceTree = "<group>"; };
		C92A2CB81B2FAE3D00861B1E /* ZENViewController.h */ = {isa = PBXFileReference; fileEncoding = 4; lastKnownFileType = sourcecode.c.h; path = ZENViewController.h; sourceTree = "<group>"; };
		C92A2CB91B2FAE3D00861B1E /* ZENViewController.m */ = {isa = PBXFileReference; fileEncoding = 4; lastKnownFileType = sourcecode.c.objc; path = ZENViewController.m; sourceTree = "<group>"; };
		C92A2CBD1B2FAFC600861B1E /* ZENContainerView.h */ = {isa = PBXFileReference; fileEncoding = 4; lastKnownFileType = sourcecode.c.h; path = ZENContainerView.h; sourceTree = "<group>"; };
		C92A2CBE1B2FAFC600861B1E /* ZENContainerView.m */ = {isa = PBXFileReference; fileEncoding = 4; lastKnownFileType = sourcecode.c.objc; path = ZENContainerView.m; sourceTree = "<group>"; };
		C95728421B65288500183828 /* DVTKit.framework */ = {isa = PBXFileReference; lastKnownFileType = wrapper.framework; name = DVTKit.framework; path = ../../../../../../Applications/Xcode.app/Contents/SharedFrameworks/DVTKit.framework; sourceTree = "<group>"; };
		C97520B81B38DB510005179E /* ZENEditorWrapperViewController.h */ = {isa = PBXFileReference; fileEncoding = 4; lastKnownFileType = sourcecode.c.h; path = ZENEditorWrapperViewController.h; sourceTree = "<group>"; };
		C97520B91B38DB510005179E /* ZENEditorWrapperViewController.m */ = {isa = PBXFileReference; fileEncoding = 4; lastKnownFileType = sourcecode.c.objc; path = ZENEditorWrapperViewController.m; sourceTree = "<group>"; };
		C97520BB1B38DB640005179E /* ZENEditorWrapperView.h */ = {isa = PBXFileReference; fileEncoding = 4; lastKnownFileType = sourcecode.c.h; path = ZENEditorWrapperView.h; sourceTree = "<group>"; };
		C97520BC1B38DB640005179E /* ZENEditorWrapperView.m */ = {isa = PBXFileReference; fileEncoding = 4; lastKnownFileType = sourcecode.c.objc; path = ZENEditorWrapperView.m; sourceTree = "<group>"; };
		C97520C21B3A2C470005179E /* IDEKit.framework */ = {isa = PBXFileReference; lastKnownFileType = wrapper.framework; name = IDEKit.framework; path = ../../../../../../Applications/Xcode.app/Contents/Frameworks/IDEKit.framework; sourceTree = "<group>"; };
		C98D37BD1B9A086200DA2EBC /* DVTFoundation.framework */ = {isa = PBXFileReference; lastKnownFileType = wrapper.framework; name = DVTFoundation.framework; path = ../../../../../../Applications/Xcode.app/Contents/SharedFrameworks/DVTFoundation.framework; sourceTree = "<group>"; };
		C999C8C91B9C8676004765EE /* IDEEditor+ZENTextView.h */ = {isa = PBXFileReference; fileEncoding = 4; lastKnownFileType = sourcecode.c.h; path = "IDEEditor+ZENTextView.h"; sourceTree = "<group>"; };
		C999C8CA1B9C8676004765EE /* IDEEditor+ZENTextView.m */ = {isa = PBXFileReference; fileEncoding = 4; lastKnownFileType = sourcecode.c.objc; path = "IDEEditor+ZENTextView.m"; sourceTree = "<group>"; };
		C9A72DD71B66479E00801B50 /* ZENInterfaceController.h */ = {isa = PBXFileReference; fileEncoding = 4; lastKnownFileType = sourcecode.c.h; path = ZENInterfaceController.h; sourceTree = "<group>"; };
		C9A72DD81B676A0500801B50 /* ZENBarsController.h */ = {isa = PBXFileReference; fileEncoding = 4; lastKnownFileType = sourcecode.c.h; path = ZENBarsController.h; sourceTree = "<group>"; };
		C9A72DD91B676A0500801B50 /* ZENBarsController.m */ = {isa = PBXFileReference; fileEncoding = 4; lastKnownFileType = sourcecode.c.objc; path = ZENBarsController.m; sourceTree = "<group>"; };
		C9A72DDB1B676EF900801B50 /* ZENEventScheduler.h */ = {isa = PBXFileReference; fileEncoding = 4; lastKnownFileType = sourcecode.c.h; path = ZENEventScheduler.h; sourceTree = "<group>"; };
		C9A72DDC1B676EF900801B50 /* ZENEventScheduler.m */ = {isa = PBXFileReference; fileEncoding = 4; lastKnownFileType = sourcecode.c.objc; path = ZENEventScheduler.m; sourceTree = "<group>"; };
		C9A72DE11B67943500801B50 /* ZENMouseInteractionView.h */ = {isa = PBXFileReference; fileEncoding = 4; lastKnownFileType = sourcecode.c.h; path = ZENMouseInteractionView.h; sourceTree = "<group>"; };
		C9A72DE21B67943500801B50 /* ZENMouseInteractionView.m */ = {isa = PBXFileReference; fileEncoding = 4; lastKnownFileType = sourcecode.c.objc; path = ZENMouseInteractionView.m; sourceTree = "<group>"; };
		C9A72DF71B70D75500801B50 /* ZENAndPeace.h */ = {isa = PBXFileReference; fileEncoding = 4; lastKnownFileType = sourcecode.c.h; path = ZENAndPeace.h; sourceTree = "<group>"; };
		C9A72DF81B70D75500801B50 /* ZENAndPeace.m */ = {isa = PBXFileReference; fileEncoding = 4; lastKnownFileType = sourcecode.c.objc; path = ZENAndPeace.m; sourceTree = "<group>"; };
		C9E10B9B1B3F4E37004A061B /* ZENWindow.h */ = {isa = PBXFileReference; fileEncoding = 4; lastKnownFileType = sourcecode.c.h; path = ZENWindow.h; sourceTree = "<group>"; };
		C9E10B9C1B3F4E37004A061B /* ZENWindow.m */ = {isa = PBXFileReference; fileEncoding = 4; lastKnownFileType = sourcecode.c.objc; path = ZENWindow.m; sourceTree = "<group>"; };
/* End PBXFileReference section */

/* Begin PBXFrameworksBuildPhase section */
		C92A2C861B2F970900861B1E /* Frameworks */ = {
			isa = PBXFrameworksBuildPhase;
			buildActionMask = 2147483647;
			files = (
				C92A2C8C1B2F970900861B1E /* AppKit.framework in Frameworks */,
				C92A2C8E1B2F970900861B1E /* Foundation.framework in Frameworks */,
				C97520C31B3A2C470005179E /* IDEKit.framework in Frameworks */,
				C98D37BE1B9A086200DA2EBC /* DVTFoundation.framework in Frameworks */,
				C95728431B65288500183828 /* DVTKit.framework in Frameworks */,
			);
			runOnlyForDeploymentPostprocessing = 0;
		};
/* End PBXFrameworksBuildPhase section */

/* Begin PBXGroup section */
		C92A2C7F1B2F970900861B1E = {
			isa = PBXGroup;
			children = (
				C92A2C8F1B2F970900861B1E /* Zen */,
				C92A2C8A1B2F970900861B1E /* Frameworks */,
				C92A2C891B2F970900861B1E /* Products */,
			);
			sourceTree = "<group>";
		};
		C92A2C891B2F970900861B1E /* Products */ = {
			isa = PBXGroup;
			children = (
				C92A2C881B2F970900861B1E /* Zen.xcplugin */,
			);
			name = Products;
			sourceTree = "<group>";
		};
		C92A2C8A1B2F970900861B1E /* Frameworks */ = {
			isa = PBXGroup;
			children = (
				C98D37BD1B9A086200DA2EBC /* DVTFoundation.framework */,
				C95728421B65288500183828 /* DVTKit.framework */,
				C97520C21B3A2C470005179E /* IDEKit.framework */,
				C92A2C8B1B2F970900861B1E /* AppKit.framework */,
				C92A2C8D1B2F970900861B1E /* Foundation.framework */,
			);
			name = Frameworks;
			sourceTree = "<group>";
		};
		C92A2C8F1B2F970900861B1E /* Zen */ = {
			isa = PBXGroup;
			children = (
				C92A2C941B2F970900861B1E /* Zen.h */,
				C92A2C951B2F970900861B1E /* Zen.m */,
				C928E9C41B33CC19003CD7D8 /* ZENWindowController.h */,
				C928E9C51B33CC19003CD7D8 /* ZENWindowController.m */,
				C92A2CB81B2FAE3D00861B1E /* ZENViewController.h */,
				C92A2CB91B2FAE3D00861B1E /* ZENViewController.m */,
				C928E9C71B34A2EE003CD7D8 /* ZENMinimalLayout.h */,
				C928E9C81B34A2EE003CD7D8 /* ZENMinimalLayout.m */,
				C9A72DE11B67943500801B50 /* ZENMouseInteractionView.h */,
				C9A72DE21B67943500801B50 /* ZENMouseInteractionView.m */,
				C92A2CBD1B2FAFC600861B1E /* ZENContainerView.h */,
				C92A2CBE1B2FAFC600861B1E /* ZENContainerView.m */,
				C9E10B9B1B3F4E37004A061B /* ZENWindow.h */,
				C9E10B9C1B3F4E37004A061B /* ZENWindow.m */,
				C9A72DDB1B676EF900801B50 /* ZENEventScheduler.h */,
				C9A72DDC1B676EF900801B50 /* ZENEventScheduler.m */,
				C9A72DD71B66479E00801B50 /* ZENInterfaceController.h */,
				C9A72DF71B70D75500801B50 /* ZENAndPeace.h */,
				C9A72DF81B70D75500801B50 /* ZENAndPeace.m */,
				C97520BE1B38DB6B0005179E /* Hacksss */,
				C92A2CA41B2F986100861B1E /* Xcode headers */,
				C92A2C901B2F970900861B1E /* Supporting Files */,
			);
			path = Zen;
			sourceTree = "<group>";
		};
		C92A2C901B2F970900861B1E /* Supporting Files */ = {
			isa = PBXGroup;
			children = (
				C92A2C911B2F970900861B1E /* Info.plist */,
				C92A2C921B2F970900861B1E /* Zen.xcscheme */,
			);
			name = "Supporting Files";
			sourceTree = "<group>";
		};
		C92A2CA41B2F986100861B1E /* Xcode headers */ = {
			isa = PBXGroup;
			children = (
			);
			name = "Xcode headers";
			sourceTree = "<group>";
		};
		C97520BE1B38DB6B0005179E /* Hacksss */ = {
			isa = PBXGroup;
			children = (
				C97520B81B38DB510005179E /* ZENEditorWrapperViewController.h */,
				C97520B91B38DB510005179E /* ZENEditorWrapperViewController.m */,
				C999C8C91B9C8676004765EE /* IDEEditor+ZENTextView.h */,
				C999C8CA1B9C8676004765EE /* IDEEditor+ZENTextView.m */,
				C91F5DE01B3E150300DF74E5 /* ZENIDEEditorContextDependencyManager.h */,
				C91F5DE11B3E150300DF74E5 /* ZENIDEEditorContextDependencyManager.m */,
				C97520BB1B38DB640005179E /* ZENEditorWrapperView.h */,
				C97520BC1B38DB640005179E /* ZENEditorWrapperView.m */,
				C928E9CA1B34A612003CD7D8 /* ZENIDEEditorContextConfiguration.h */,
				C928E9CB1B34A612003CD7D8 /* ZENIDEEditorContextConfiguration.m */,
				C9A72DD81B676A0500801B50 /* ZENBarsController.h */,
				C9A72DD91B676A0500801B50 /* ZENBarsController.m */,
			);
			name = Hacksss;
			sourceTree = "<group>";
		};
/* End PBXGroup section */

/* Begin PBXNativeTarget section */
		C92A2C871B2F970900861B1E /* Zen */ = {
			isa = PBXNativeTarget;
			buildConfigurationList = C92A2C9C1B2F970900861B1E /* Build configuration list for PBXNativeTarget "Zen" */;
			buildPhases = (
				C92A2C841B2F970900861B1E /* Sources */,
				C92A2C851B2F970900861B1E /* Resources */,
				C92A2C861B2F970900861B1E /* Frameworks */,
			);
			buildRules = (
			);
			dependencies = (
			);
			name = Zen;
			productName = Zen;
			productReference = C92A2C881B2F970900861B1E /* Zen.xcplugin */;
			productType = "com.apple.product-type.bundle";
		};
/* End PBXNativeTarget section */

/* Begin PBXProject section */
		C92A2C801B2F970900861B1E /* Project object */ = {
			isa = PBXProject;
			attributes = {
				LastUpgradeCheck = 0630;
				ORGANIZATIONNAME = "Wojciech Czekalski";
				TargetAttributes = {
					C92A2C871B2F970900861B1E = {
						CreatedOnToolsVersion = 6.3.1;
					};
				};
			};
			buildConfigurationList = C92A2C831B2F970900861B1E /* Build configuration list for PBXProject "Zen" */;
			compatibilityVersion = "Xcode 3.2";
			developmentRegion = English;
			hasScannedForEncodings = 0;
			knownRegions = (
				en,
			);
			mainGroup = C92A2C7F1B2F970900861B1E;
			productRefGroup = C92A2C891B2F970900861B1E /* Products */;
			projectDirPath = "";
			projectRoot = "";
			targets = (
				C92A2C871B2F970900861B1E /* Zen */,
			);
		};
/* End PBXProject section */

/* Begin PBXResourcesBuildPhase section */
		C92A2C851B2F970900861B1E /* Resources */ = {
			isa = PBXResourcesBuildPhase;
			buildActionMask = 2147483647;
			files = (
				C92A2C931B2F970900861B1E /* Zen.xcscheme in Resources */,
			);
			runOnlyForDeploymentPostprocessing = 0;
		};
/* End PBXResourcesBuildPhase section */

/* Begin PBXSourcesBuildPhase section */
		C92A2C841B2F970900861B1E /* Sources */ = {
			isa = PBXSourcesBuildPhase;
			buildActionMask = 2147483647;
			files = (
				C9A72DDD1B676EF900801B50 /* ZENEventScheduler.m in Sources */,
				C9A72DDA1B676A0500801B50 /* ZENBarsController.m in Sources */,
				C92A2C961B2F970900861B1E /* Zen.m in Sources */,
				C91F5DE21B3E150300DF74E5 /* ZENIDEEditorContextDependencyManager.m in Sources */,
				C928E9C91B34A2EE003CD7D8 /* ZENMinimalLayout.m in Sources */,
				C97520BD1B38DB640005179E /* ZENEditorWrapperView.m in Sources */,
				C928E9C61B33CC19003CD7D8 /* ZENWindowController.m in Sources */,
				C999C8CB1B9C8676004765EE /* IDEEditor+ZENTextView.m in Sources */,
				C9E10B9D1B3F4E37004A061B /* ZENWindow.m in Sources */,
				C9A72DE31B67943500801B50 /* ZENMouseInteractionView.m in Sources */,
				C928E9CC1B34A612003CD7D8 /* ZENIDEEditorContextConfiguration.m in Sources */,
				C9A72DF91B70D75500801B50 /* ZENAndPeace.m in Sources */,
				C92A2CBF1B2FAFC600861B1E /* ZENContainerView.m in Sources */,
				C97520BA1B38DB510005179E /* ZENEditorWrapperViewController.m in Sources */,
				C92A2CBB1B2FAE3D00861B1E /* ZENViewController.m in Sources */,
			);
			runOnlyForDeploymentPostprocessing = 0;
		};
/* End PBXSourcesBuildPhase section */

/* Begin XCBuildConfiguration section */
		C92A2C9A1B2F970900861B1E /* Debug */ = {
			isa = XCBuildConfiguration;
			buildSettings = {
				ALWAYS_SEARCH_USER_PATHS = NO;
				CLANG_CXX_LANGUAGE_STANDARD = "gnu++0x";
				CLANG_CXX_LIBRARY = "libc++";
				CLANG_ENABLE_MODULES = YES;
				CLANG_ENABLE_OBJC_ARC = YES;
				CLANG_WARN_BOOL_CONVERSION = YES;
				CLANG_WARN_CONSTANT_CONVERSION = YES;
				CLANG_WARN_DIRECT_OBJC_ISA_USAGE = YES_ERROR;
				CLANG_WARN_EMPTY_BODY = YES;
				CLANG_WARN_ENUM_CONVERSION = YES;
				CLANG_WARN_INT_CONVERSION = YES;
				CLANG_WARN_OBJC_ROOT_CLASS = YES_ERROR;
				CLANG_WARN_UNREACHABLE_CODE = YES;
				CLANG_WARN__DUPLICATE_METHOD_MATCH = YES;
				COPY_PHASE_STRIP = NO;
				ENABLE_STRICT_OBJC_MSGSEND = YES;
				GCC_C_LANGUAGE_STANDARD = gnu99;
				GCC_DYNAMIC_NO_PIC = NO;
				GCC_NO_COMMON_BLOCKS = YES;
				GCC_OPTIMIZATION_LEVEL = 0;
				GCC_PREPROCESSOR_DEFINITIONS = (
					"DEBUG=1",
					"$(inherited)",
				);
				GCC_SYMBOLS_PRIVATE_EXTERN = NO;
				GCC_WARN_64_TO_32_BIT_CONVERSION = YES;
				GCC_WARN_ABOUT_RETURN_TYPE = YES_ERROR;
				GCC_WARN_UNDECLARED_SELECTOR = YES;
				GCC_WARN_UNINITIALIZED_AUTOS = YES_AGGRESSIVE;
				GCC_WARN_UNUSED_FUNCTION = YES;
				GCC_WARN_UNUSED_VARIABLE = YES;
				MTL_ENABLE_DEBUG_INFO = YES;
				ONLY_ACTIVE_ARCH = YES;
			};
			name = Debug;
		};
		C92A2C9B1B2F970900861B1E /* Release */ = {
			isa = XCBuildConfiguration;
			buildSettings = {
				ALWAYS_SEARCH_USER_PATHS = NO;
				CLANG_CXX_LANGUAGE_STANDARD = "gnu++0x";
				CLANG_CXX_LIBRARY = "libc++";
				CLANG_ENABLE_MODULES = YES;
				CLANG_ENABLE_OBJC_ARC = YES;
				CLANG_WARN_BOOL_CONVERSION = YES;
				CLANG_WARN_CONSTANT_CONVERSION = YES;
				CLANG_WARN_DIRECT_OBJC_ISA_USAGE = YES_ERROR;
				CLANG_WARN_EMPTY_BODY = YES;
				CLANG_WARN_ENUM_CONVERSION = YES;
				CLANG_WARN_INT_CONVERSION = YES;
				CLANG_WARN_OBJC_ROOT_CLASS = YES_ERROR;
				CLANG_WARN_UNREACHABLE_CODE = YES;
				CLANG_WARN__DUPLICATE_METHOD_MATCH = YES;
				COPY_PHASE_STRIP = NO;
				ENABLE_NS_ASSERTIONS = NO;
				ENABLE_STRICT_OBJC_MSGSEND = YES;
				GCC_C_LANGUAGE_STANDARD = gnu99;
				GCC_NO_COMMON_BLOCKS = YES;
				GCC_WARN_64_TO_32_BIT_CONVERSION = YES;
				GCC_WARN_ABOUT_RETURN_TYPE = YES_ERROR;
				GCC_WARN_UNDECLARED_SELECTOR = YES;
				GCC_WARN_UNINITIALIZED_AUTOS = YES_AGGRESSIVE;
				GCC_WARN_UNUSED_FUNCTION = YES;
				GCC_WARN_UNUSED_VARIABLE = YES;
				MTL_ENABLE_DEBUG_INFO = NO;
			};
			name = Release;
		};
		C92A2C9D1B2F970900861B1E /* Debug */ = {
			isa = XCBuildConfiguration;
			buildSettings = {
				COMBINE_HIDPI_IMAGES = YES;
				DEPLOYMENT_LOCATION = YES;
				DSTROOT = "$(HOME)";
				FRAMEWORK_SEARCH_PATHS = (
					"$(inherited)",
					"$(SYSTEM_APPS_DIR)/Xcode.app/Contents/Frameworks",
					"$(SYSTEM_APPS_DIR)/Xcode.app/Contents/SharedFrameworks",
				);
				INFOPLIST_FILE = Zen/Info.plist;
				INSTALL_PATH = "/Library/Application Support/Developer/Shared/Xcode/Plug-ins";
				MACOSX_DEPLOYMENT_TARGET = 10.10;
				PRODUCT_NAME = "$(TARGET_NAME)";
				WRAPPER_EXTENSION = xcplugin;
			};
			name = Debug;
		};
		C92A2C9E1B2F970900861B1E /* Release */ = {
			isa = XCBuildConfiguration;
			buildSettings = {
				COMBINE_HIDPI_IMAGES = YES;
				DEPLOYMENT_LOCATION = YES;
				DSTROOT = "$(HOME)";
				FRAMEWORK_SEARCH_PATHS = (
					"$(inherited)",
					"$(SYSTEM_APPS_DIR)/Xcode.app/Contents/Frameworks",
					"$(SYSTEM_APPS_DIR)/Xcode.app/Contents/SharedFrameworks",
				);
				INFOPLIST_FILE = Zen/Info.plist;
				INSTALL_PATH = "/Library/Application Support/Developer/Shared/Xcode/Plug-ins";
				MACOSX_DEPLOYMENT_TARGET = 10.10;
				PRODUCT_NAME = "$(TARGET_NAME)";
				WRAPPER_EXTENSION = xcplugin;
			};
			name = Release;
		};
/* End XCBuildConfiguration section */

/* Begin XCConfigurationList section */
		C92A2C831B2F970900861B1E /* Build configuration list for PBXProject "Zen" */ = {
			isa = XCConfigurationList;
			buildConfigurations = (
				C92A2C9A1B2F970900861B1E /* Debug */,
				C92A2C9B1B2F970900861B1E /* Release */,
			);
			defaultConfigurationIsVisible = 0;
			defaultConfigurationName = Release;
		};
		C92A2C9C1B2F970900861B1E /* Build configuration list for PBXNativeTarget "Zen" */ = {
			isa = XCConfigurationList;
			buildConfigurations = (
				C92A2C9D1B2F970900861B1E /* Debug */,
				C92A2C9E1B2F970900861B1E /* Release */,
			);
			defaultConfigurationIsVisible = 0;
			defaultConfigurationName = Release;
		};
/* End XCConfigurationList section */
	};
	rootObject = C92A2C801B2F970900861B1E /* Project object */;
}
